// !$*UTF8*$!
{
	archiveVersion = 1;
	classes = {
	};
	objectVersion = 56;
	objects = {

/* Begin PBXBuildFile section */
		368F18B62BF2B92C00B81CD5 /* AppDelegate.swift in Sources */ = {isa = PBXBuildFile; fileRef = 368F18B52BF2B92C00B81CD5 /* AppDelegate.swift */; };
		368F18B82BF2B92C00B81CD5 /* SceneDelegate.swift in Sources */ = {isa = PBXBuildFile; fileRef = 368F18B72BF2B92C00B81CD5 /* SceneDelegate.swift */; };
		368F18BA2BF2B92C00B81CD5 /* HomeViewController.swift in Sources */ = {isa = PBXBuildFile; fileRef = 368F18B92BF2B92C00B81CD5 /* HomeViewController.swift */; };
		368F18BF2BF2B92D00B81CD5 /* Assets.xcassets in Resources */ = {isa = PBXBuildFile; fileRef = 368F18BE2BF2B92D00B81CD5 /* Assets.xcassets */; };
		368F18C22BF2B92D00B81CD5 /* LaunchScreen.storyboard in Resources */ = {isa = PBXBuildFile; fileRef = 368F18C02BF2B92D00B81CD5 /* LaunchScreen.storyboard */; };
		368F18CD2BF2B92D00B81CD5 /* NewsAppTests.swift in Sources */ = {isa = PBXBuildFile; fileRef = 368F18CC2BF2B92D00B81CD5 /* NewsAppTests.swift */; };
		368F18D72BF2B92D00B81CD5 /* NewsAppUITests.swift in Sources */ = {isa = PBXBuildFile; fileRef = 368F18D62BF2B92D00B81CD5 /* NewsAppUITests.swift */; };
		368F18D92BF2B92D00B81CD5 /* NewsAppUITestsLaunchTests.swift in Sources */ = {isa = PBXBuildFile; fileRef = 368F18D82BF2B92D00B81CD5 /* NewsAppUITestsLaunchTests.swift */; };
		368F18EB2BF2BC4300B81CD5 /* APIServices.swift in Sources */ = {isa = PBXBuildFile; fileRef = 368F18EA2BF2BC4300B81CD5 /* APIServices.swift */; };
		368F18EF2BF2C0A100B81CD5 /* MainFactory.swift in Sources */ = {isa = PBXBuildFile; fileRef = 368F18EE2BF2C0A100B81CD5 /* MainFactory.swift */; };
		368F18F22BF2F1BB00B81CD5 /* ArticleModels.swift in Sources */ = {isa = PBXBuildFile; fileRef = 368F18F12BF2F1BB00B81CD5 /* ArticleModels.swift */; };
		368F18F52BF558B700B81CD5 /* ViewCodingProtocol.swift in Sources */ = {isa = PBXBuildFile; fileRef = 368F18F42BF558B700B81CD5 /* ViewCodingProtocol.swift */; };
		368F18F72BF5599B00B81CD5 /* FrameConstants.swift in Sources */ = {isa = PBXBuildFile; fileRef = 368F18F62BF5599B00B81CD5 /* FrameConstants.swift */; };
		368F18FB2BF55CBE00B81CD5 /* HomeView.swift in Sources */ = {isa = PBXBuildFile; fileRef = 368F18FA2BF55CBE00B81CD5 /* HomeView.swift */; };
		368F18FD2BF5600A00B81CD5 /* HomeViewModel.swift in Sources */ = {isa = PBXBuildFile; fileRef = 368F18FC2BF5600A00B81CD5 /* HomeViewModel.swift */; };
		368F19022BF5712E00B81CD5 /* ArticlesTableViewCell.swift in Sources */ = {isa = PBXBuildFile; fileRef = 368F19012BF5712E00B81CD5 /* ArticlesTableViewCell.swift */; };
		368F19042BF57F8000B81CD5 /* ModelUpdateDelegate.swift in Sources */ = {isa = PBXBuildFile; fileRef = 368F19032BF57F8000B81CD5 /* ModelUpdateDelegate.swift */; };
		368F19062BF5B71900B81CD5 /* ImageLoader.swift in Sources */ = {isa = PBXBuildFile; fileRef = 368F19052BF5B71900B81CD5 /* ImageLoader.swift */; };
/* End PBXBuildFile section */

/* Begin PBXContainerItemProxy section */
		368F18C92BF2B92D00B81CD5 /* PBXContainerItemProxy */ = {
			isa = PBXContainerItemProxy;
			containerPortal = 368F18AA2BF2B92C00B81CD5 /* Project object */;
			proxyType = 1;
			remoteGlobalIDString = 368F18B12BF2B92C00B81CD5;
			remoteInfo = NewsApp;
		};
		368F18D32BF2B92D00B81CD5 /* PBXContainerItemProxy */ = {
			isa = PBXContainerItemProxy;
			containerPortal = 368F18AA2BF2B92C00B81CD5 /* Project object */;
			proxyType = 1;
			remoteGlobalIDString = 368F18B12BF2B92C00B81CD5;
			remoteInfo = NewsApp;
		};
/* End PBXContainerItemProxy section */

/* Begin PBXFileReference section */
		368F18B22BF2B92C00B81CD5 /* NewsApp.app */ = {isa = PBXFileReference; explicitFileType = wrapper.application; includeInIndex = 0; path = NewsApp.app; sourceTree = BUILT_PRODUCTS_DIR; };
		368F18B52BF2B92C00B81CD5 /* AppDelegate.swift */ = {isa = PBXFileReference; lastKnownFileType = sourcecode.swift; path = AppDelegate.swift; sourceTree = "<group>"; };
		368F18B72BF2B92C00B81CD5 /* SceneDelegate.swift */ = {isa = PBXFileReference; lastKnownFileType = sourcecode.swift; path = SceneDelegate.swift; sourceTree = "<group>"; };
		368F18B92BF2B92C00B81CD5 /* HomeViewController.swift */ = {isa = PBXFileReference; lastKnownFileType = sourcecode.swift; path = HomeViewController.swift; sourceTree = "<group>"; };
		368F18BE2BF2B92D00B81CD5 /* Assets.xcassets */ = {isa = PBXFileReference; lastKnownFileType = folder.assetcatalog; path = Assets.xcassets; sourceTree = "<group>"; };
		368F18C12BF2B92D00B81CD5 /* Base */ = {isa = PBXFileReference; lastKnownFileType = file.storyboard; name = Base; path = Base.lproj/LaunchScreen.storyboard; sourceTree = "<group>"; };
		368F18C32BF2B92D00B81CD5 /* Info.plist */ = {isa = PBXFileReference; lastKnownFileType = text.plist.xml; path = Info.plist; sourceTree = "<group>"; };
		368F18C82BF2B92D00B81CD5 /* NewsAppTests.xctest */ = {isa = PBXFileReference; explicitFileType = wrapper.cfbundle; includeInIndex = 0; path = NewsAppTests.xctest; sourceTree = BUILT_PRODUCTS_DIR; };
		368F18CC2BF2B92D00B81CD5 /* NewsAppTests.swift */ = {isa = PBXFileReference; lastKnownFileType = sourcecode.swift; path = NewsAppTests.swift; sourceTree = "<group>"; };
		368F18D22BF2B92D00B81CD5 /* NewsAppUITests.xctest */ = {isa = PBXFileReference; explicitFileType = wrapper.cfbundle; includeInIndex = 0; path = NewsAppUITests.xctest; sourceTree = BUILT_PRODUCTS_DIR; };
		368F18D62BF2B92D00B81CD5 /* NewsAppUITests.swift */ = {isa = PBXFileReference; lastKnownFileType = sourcecode.swift; path = NewsAppUITests.swift; sourceTree = "<group>"; };
		368F18D82BF2B92D00B81CD5 /* NewsAppUITestsLaunchTests.swift */ = {isa = PBXFileReference; lastKnownFileType = sourcecode.swift; path = NewsAppUITestsLaunchTests.swift; sourceTree = "<group>"; };
		368F18EA2BF2BC4300B81CD5 /* APIServices.swift */ = {isa = PBXFileReference; lastKnownFileType = sourcecode.swift; path = APIServices.swift; sourceTree = "<group>"; };
		368F18EE2BF2C0A100B81CD5 /* MainFactory.swift */ = {isa = PBXFileReference; lastKnownFileType = sourcecode.swift; path = MainFactory.swift; sourceTree = "<group>"; };
		368F18F12BF2F1BB00B81CD5 /* ArticleModels.swift */ = {isa = PBXFileReference; lastKnownFileType = sourcecode.swift; path = ArticleModels.swift; sourceTree = "<group>"; };
		368F18F42BF558B700B81CD5 /* ViewCodingProtocol.swift */ = {isa = PBXFileReference; lastKnownFileType = sourcecode.swift; path = ViewCodingProtocol.swift; sourceTree = "<group>"; };
		368F18F62BF5599B00B81CD5 /* FrameConstants.swift */ = {isa = PBXFileReference; lastKnownFileType = sourcecode.swift; path = FrameConstants.swift; sourceTree = "<group>"; };
		368F18FA2BF55CBE00B81CD5 /* HomeView.swift */ = {isa = PBXFileReference; lastKnownFileType = sourcecode.swift; path = HomeView.swift; sourceTree = "<group>"; };
		368F18FC2BF5600A00B81CD5 /* HomeViewModel.swift */ = {isa = PBXFileReference; lastKnownFileType = sourcecode.swift; path = HomeViewModel.swift; sourceTree = "<group>"; };
		368F19012BF5712E00B81CD5 /* ArticlesTableViewCell.swift */ = {isa = PBXFileReference; lastKnownFileType = sourcecode.swift; path = ArticlesTableViewCell.swift; sourceTree = "<group>"; };
		368F19032BF57F8000B81CD5 /* ModelUpdateDelegate.swift */ = {isa = PBXFileReference; lastKnownFileType = sourcecode.swift; path = ModelUpdateDelegate.swift; sourceTree = "<group>"; };
		368F19052BF5B71900B81CD5 /* ImageLoader.swift */ = {isa = PBXFileReference; lastKnownFileType = sourcecode.swift; path = ImageLoader.swift; sourceTree = "<group>"; };
/* End PBXFileReference section */

/* Begin PBXFrameworksBuildPhase section */
		368F18AF2BF2B92C00B81CD5 /* Frameworks */ = {
			isa = PBXFrameworksBuildPhase;
			buildActionMask = 2147483647;
			files = (
			);
			runOnlyForDeploymentPostprocessing = 0;
		};
		368F18C52BF2B92D00B81CD5 /* Frameworks */ = {
			isa = PBXFrameworksBuildPhase;
			buildActionMask = 2147483647;
			files = (
			);
			runOnlyForDeploymentPostprocessing = 0;
		};
		368F18CF2BF2B92D00B81CD5 /* Frameworks */ = {
			isa = PBXFrameworksBuildPhase;
			buildActionMask = 2147483647;
			files = (
			);
			runOnlyForDeploymentPostprocessing = 0;
		};
/* End PBXFrameworksBuildPhase section */

/* Begin PBXGroup section */
		368F18A92BF2B92C00B81CD5 = {
			isa = PBXGroup;
			children = (
				368F18B42BF2B92C00B81CD5 /* NewsApp */,
				368F18CB2BF2B92D00B81CD5 /* NewsAppTests */,
				368F18D52BF2B92D00B81CD5 /* NewsAppUITests */,
				368F18B32BF2B92C00B81CD5 /* Products */,
			);
			sourceTree = "<group>";
		};
		368F18B32BF2B92C00B81CD5 /* Products */ = {
			isa = PBXGroup;
			children = (
				368F18B22BF2B92C00B81CD5 /* NewsApp.app */,
				368F18C82BF2B92D00B81CD5 /* NewsAppTests.xctest */,
				368F18D22BF2B92D00B81CD5 /* NewsAppUITests.xctest */,
			);
			name = Products;
			sourceTree = "<group>";
		};
		368F18B42BF2B92C00B81CD5 /* NewsApp */ = {
			isa = PBXGroup;
			children = (
				368F18E72BF2BABF00B81CD5 /* Presentation */,
				368F18E52BF2BAB400B81CD5 /* Domain */,
				368F18E62BF2BAB900B81CD5 /* Data */,
				368F18EC2BF2C07D00B81CD5 /* Factories */,
				368F18E92BF2BAFE00B81CD5 /* Delegates */,
				368F18E82BF2BAEE00B81CD5 /* Services */,
				368F18F32BF5585A00B81CD5 /* Utils */,
				368F18BE2BF2B92D00B81CD5 /* Assets.xcassets */,
				368F18C32BF2B92D00B81CD5 /* Info.plist */,
			);
			path = NewsApp;
			sourceTree = "<group>";
		};
		368F18CB2BF2B92D00B81CD5 /* NewsAppTests */ = {
			isa = PBXGroup;
			children = (
				368F18CC2BF2B92D00B81CD5 /* NewsAppTests.swift */,
			);
			path = NewsAppTests;
			sourceTree = "<group>";
		};
		368F18D52BF2B92D00B81CD5 /* NewsAppUITests */ = {
			isa = PBXGroup;
			children = (
				368F18D62BF2B92D00B81CD5 /* NewsAppUITests.swift */,
				368F18D82BF2B92D00B81CD5 /* NewsAppUITestsLaunchTests.swift */,
			);
			path = NewsAppUITests;
			sourceTree = "<group>";
		};
		368F18E52BF2BAB400B81CD5 /* Domain */ = {
			isa = PBXGroup;
			children = (
				368F18F02BF2F1A400B81CD5 /* Entities */,
			);
			path = Domain;
			sourceTree = "<group>";
		};
		368F18E62BF2BAB900B81CD5 /* Data */ = {
			isa = PBXGroup;
			children = (
			);
			path = Data;
			sourceTree = "<group>";
		};
		368F18E72BF2BABF00B81CD5 /* Presentation */ = {
			isa = PBXGroup;
			children = (
				368F18FA2BF55CBE00B81CD5 /* HomeView.swift */,
				368F18B92BF2B92C00B81CD5 /* HomeViewController.swift */,
				368F18FC2BF5600A00B81CD5 /* HomeViewModel.swift */,
				368F19012BF5712E00B81CD5 /* ArticlesTableViewCell.swift */,
				368F18C02BF2B92D00B81CD5 /* LaunchScreen.storyboard */,
			);
			path = Presentation;
			sourceTree = "<group>";
		};
		368F18E82BF2BAEE00B81CD5 /* Services */ = {
			isa = PBXGroup;
			children = (
				368F18EA2BF2BC4300B81CD5 /* APIServices.swift */,
				368F19052BF5B71900B81CD5 /* ImageLoader.swift */,
			);
			path = Services;
			sourceTree = "<group>";
		};
		368F18E92BF2BAFE00B81CD5 /* Delegates */ = {
			isa = PBXGroup;
			children = (
				368F18B52BF2B92C00B81CD5 /* AppDelegate.swift */,
				368F18B72BF2B92C00B81CD5 /* SceneDelegate.swift */,
				368F19032BF57F8000B81CD5 /* ModelUpdateDelegate.swift */,
			);
			path = Delegates;
			sourceTree = "<group>";
		};
		368F18EC2BF2C07D00B81CD5 /* Factories */ = {
			isa = PBXGroup;
			children = (
				368F18EE2BF2C0A100B81CD5 /* MainFactory.swift */,
			);
			path = Factories;
			sourceTree = "<group>";
		};
		368F18F02BF2F1A400B81CD5 /* Entities */ = {
			isa = PBXGroup;
			children = (
				368F18F12BF2F1BB00B81CD5 /* ArticleModels.swift */,
			);
			path = Entities;
			sourceTree = "<group>";
		};
		368F18F32BF5585A00B81CD5 /* Utils */ = {
			isa = PBXGroup;
			children = (
				368F18F42BF558B700B81CD5 /* ViewCodingProtocol.swift */,
				368F18F62BF5599B00B81CD5 /* FrameConstants.swift */,
			);
			path = Utils;
			sourceTree = "<group>";
		};
/* End PBXGroup section */

/* Begin PBXNativeTarget section */
		368F18B12BF2B92C00B81CD5 /* NewsApp */ = {
			isa = PBXNativeTarget;
			buildConfigurationList = 368F18DC2BF2B92D00B81CD5 /* Build configuration list for PBXNativeTarget "NewsApp" */;
			buildPhases = (
				368F18AE2BF2B92C00B81CD5 /* Sources */,
				368F18AF2BF2B92C00B81CD5 /* Frameworks */,
				368F18B02BF2B92C00B81CD5 /* Resources */,
			);
			buildRules = (
			);
			dependencies = (
			);
			name = NewsApp;
			productName = NewsApp;
			productReference = 368F18B22BF2B92C00B81CD5 /* NewsApp.app */;
			productType = "com.apple.product-type.application";
		};
		368F18C72BF2B92D00B81CD5 /* NewsAppTests */ = {
			isa = PBXNativeTarget;
			buildConfigurationList = 368F18DF2BF2B92D00B81CD5 /* Build configuration list for PBXNativeTarget "NewsAppTests" */;
			buildPhases = (
				368F18C42BF2B92D00B81CD5 /* Sources */,
				368F18C52BF2B92D00B81CD5 /* Frameworks */,
				368F18C62BF2B92D00B81CD5 /* Resources */,
			);
			buildRules = (
			);
			dependencies = (
				368F18CA2BF2B92D00B81CD5 /* PBXTargetDependency */,
			);
			name = NewsAppTests;
			productName = NewsAppTests;
			productReference = 368F18C82BF2B92D00B81CD5 /* NewsAppTests.xctest */;
			productType = "com.apple.product-type.bundle.unit-test";
		};
		368F18D12BF2B92D00B81CD5 /* NewsAppUITests */ = {
			isa = PBXNativeTarget;
			buildConfigurationList = 368F18E22BF2B92D00B81CD5 /* Build configuration list for PBXNativeTarget "NewsAppUITests" */;
			buildPhases = (
				368F18CE2BF2B92D00B81CD5 /* Sources */,
				368F18CF2BF2B92D00B81CD5 /* Frameworks */,
				368F18D02BF2B92D00B81CD5 /* Resources */,
			);
			buildRules = (
			);
			dependencies = (
				368F18D42BF2B92D00B81CD5 /* PBXTargetDependency */,
			);
			name = NewsAppUITests;
			productName = NewsAppUITests;
			productReference = 368F18D22BF2B92D00B81CD5 /* NewsAppUITests.xctest */;
			productType = "com.apple.product-type.bundle.ui-testing";
		};
/* End PBXNativeTarget section */

/* Begin PBXProject section */
		368F18AA2BF2B92C00B81CD5 /* Project object */ = {
			isa = PBXProject;
			attributes = {
				BuildIndependentTargetsInParallel = 1;
				LastSwiftUpdateCheck = 1510;
				LastUpgradeCheck = 1510;
				TargetAttributes = {
					368F18B12BF2B92C00B81CD5 = {
						CreatedOnToolsVersion = 15.1;
					};
					368F18C72BF2B92D00B81CD5 = {
						CreatedOnToolsVersion = 15.1;
						TestTargetID = 368F18B12BF2B92C00B81CD5;
					};
					368F18D12BF2B92D00B81CD5 = {
						CreatedOnToolsVersion = 15.1;
						TestTargetID = 368F18B12BF2B92C00B81CD5;
					};
				};
			};
			buildConfigurationList = 368F18AD2BF2B92C00B81CD5 /* Build configuration list for PBXProject "NewsApp" */;
			compatibilityVersion = "Xcode 14.0";
			developmentRegion = en;
			hasScannedForEncodings = 0;
			knownRegions = (
				en,
				Base,
			);
			mainGroup = 368F18A92BF2B92C00B81CD5;
			productRefGroup = 368F18B32BF2B92C00B81CD5 /* Products */;
			projectDirPath = "";
			projectRoot = "";
			targets = (
				368F18B12BF2B92C00B81CD5 /* NewsApp */,
				368F18C72BF2B92D00B81CD5 /* NewsAppTests */,
				368F18D12BF2B92D00B81CD5 /* NewsAppUITests */,
			);
		};
/* End PBXProject section */

/* Begin PBXResourcesBuildPhase section */
		368F18B02BF2B92C00B81CD5 /* Resources */ = {
			isa = PBXResourcesBuildPhase;
			buildActionMask = 2147483647;
			files = (
				368F18C22BF2B92D00B81CD5 /* LaunchScreen.storyboard in Resources */,
				368F18BF2BF2B92D00B81CD5 /* Assets.xcassets in Resources */,
			);
			runOnlyForDeploymentPostprocessing = 0;
		};
		368F18C62BF2B92D00B81CD5 /* Resources */ = {
			isa = PBXResourcesBuildPhase;
			buildActionMask = 2147483647;
			files = (
			);
			runOnlyForDeploymentPostprocessing = 0;
		};
		368F18D02BF2B92D00B81CD5 /* Resources */ = {
			isa = PBXResourcesBuildPhase;
			buildActionMask = 2147483647;
			files = (
			);
			runOnlyForDeploymentPostprocessing = 0;
		};
/* End PBXResourcesBuildPhase section */

/* Begin PBXSourcesBuildPhase section */
		368F18AE2BF2B92C00B81CD5 /* Sources */ = {
			isa = PBXSourcesBuildPhase;
			buildActionMask = 2147483647;
			files = (
				368F18F22BF2F1BB00B81CD5 /* ArticleModels.swift in Sources */,
				368F18F52BF558B700B81CD5 /* ViewCodingProtocol.swift in Sources */,
				368F18BA2BF2B92C00B81CD5 /* HomeViewController.swift in Sources */,
				368F18FD2BF5600A00B81CD5 /* HomeViewModel.swift in Sources */,
				368F18B62BF2B92C00B81CD5 /* AppDelegate.swift in Sources */,
				368F18FB2BF55CBE00B81CD5 /* HomeView.swift in Sources */,
				368F18EB2BF2BC4300B81CD5 /* APIServices.swift in Sources */,
				368F18EF2BF2C0A100B81CD5 /* MainFactory.swift in Sources */,
				368F18B82BF2B92C00B81CD5 /* SceneDelegate.swift in Sources */,
				368F18F72BF5599B00B81CD5 /* FrameConstants.swift in Sources */,
				368F19022BF5712E00B81CD5 /* ArticlesTableViewCell.swift in Sources */,
				368F19042BF57F8000B81CD5 /* ModelUpdateDelegate.swift in Sources */,
				368F19062BF5B71900B81CD5 /* ImageLoader.swift in Sources */,
			);
			runOnlyForDeploymentPostprocessing = 0;
		};
		368F18C42BF2B92D00B81CD5 /* Sources */ = {
			isa = PBXSourcesBuildPhase;
			buildActionMask = 2147483647;
			files = (
				368F18CD2BF2B92D00B81CD5 /* NewsAppTests.swift in Sources */,
			);
			runOnlyForDeploymentPostprocessing = 0;
		};
		368F18CE2BF2B92D00B81CD5 /* Sources */ = {
			isa = PBXSourcesBuildPhase;
			buildActionMask = 2147483647;
			files = (
				368F18D72BF2B92D00B81CD5 /* NewsAppUITests.swift in Sources */,
				368F18D92BF2B92D00B81CD5 /* NewsAppUITestsLaunchTests.swift in Sources */,
			);
			runOnlyForDeploymentPostprocessing = 0;
		};
/* End PBXSourcesBuildPhase section */

/* Begin PBXTargetDependency section */
		368F18CA2BF2B92D00B81CD5 /* PBXTargetDependency */ = {
			isa = PBXTargetDependency;
			target = 368F18B12BF2B92C00B81CD5 /* NewsApp */;
			targetProxy = 368F18C92BF2B92D00B81CD5 /* PBXContainerItemProxy */;
		};
		368F18D42BF2B92D00B81CD5 /* PBXTargetDependency */ = {
			isa = PBXTargetDependency;
			target = 368F18B12BF2B92C00B81CD5 /* NewsApp */;
			targetProxy = 368F18D32BF2B92D00B81CD5 /* PBXContainerItemProxy */;
		};
/* End PBXTargetDependency section */

/* Begin PBXVariantGroup section */
		368F18C02BF2B92D00B81CD5 /* LaunchScreen.storyboard */ = {
			isa = PBXVariantGroup;
			children = (
				368F18C12BF2B92D00B81CD5 /* Base */,
			);
			name = LaunchScreen.storyboard;
			sourceTree = "<group>";
		};
/* End PBXVariantGroup section */

/* Begin XCBuildConfiguration section */
		368F18DA2BF2B92D00B81CD5 /* Debug */ = {
			isa = XCBuildConfiguration;
			buildSettings = {
				ALWAYS_SEARCH_USER_PATHS = NO;
				ASSETCATALOG_COMPILER_GENERATE_SWIFT_ASSET_SYMBOL_EXTENSIONS = YES;
				CLANG_ANALYZER_NONNULL = YES;
				CLANG_ANALYZER_NUMBER_OBJECT_CONVERSION = YES_AGGRESSIVE;
				CLANG_CXX_LANGUAGE_STANDARD = "gnu++20";
				CLANG_ENABLE_MODULES = YES;
				CLANG_ENABLE_OBJC_ARC = YES;
				CLANG_ENABLE_OBJC_WEAK = YES;
				CLANG_WARN_BLOCK_CAPTURE_AUTORELEASING = YES;
				CLANG_WARN_BOOL_CONVERSION = YES;
				CLANG_WARN_COMMA = YES;
				CLANG_WARN_CONSTANT_CONVERSION = YES;
				CLANG_WARN_DEPRECATED_OBJC_IMPLEMENTATIONS = YES;
				CLANG_WARN_DIRECT_OBJC_ISA_USAGE = YES_ERROR;
				CLANG_WARN_DOCUMENTATION_COMMENTS = YES;
				CLANG_WARN_EMPTY_BODY = YES;
				CLANG_WARN_ENUM_CONVERSION = YES;
				CLANG_WARN_INFINITE_RECURSION = YES;
				CLANG_WARN_INT_CONVERSION = YES;
				CLANG_WARN_NON_LITERAL_NULL_CONVERSION = YES;
				CLANG_WARN_OBJC_IMPLICIT_RETAIN_SELF = YES;
				CLANG_WARN_OBJC_LITERAL_CONVERSION = YES;
				CLANG_WARN_OBJC_ROOT_CLASS = YES_ERROR;
				CLANG_WARN_QUOTED_INCLUDE_IN_FRAMEWORK_HEADER = YES;
				CLANG_WARN_RANGE_LOOP_ANALYSIS = YES;
				CLANG_WARN_STRICT_PROTOTYPES = YES;
				CLANG_WARN_SUSPICIOUS_MOVE = YES;
				CLANG_WARN_UNGUARDED_AVAILABILITY = YES_AGGRESSIVE;
				CLANG_WARN_UNREACHABLE_CODE = YES;
				CLANG_WARN__DUPLICATE_METHOD_MATCH = YES;
				COPY_PHASE_STRIP = NO;
				DEBUG_INFORMATION_FORMAT = dwarf;
				ENABLE_STRICT_OBJC_MSGSEND = YES;
				ENABLE_TESTABILITY = YES;
				ENABLE_USER_SCRIPT_SANDBOXING = YES;
				GCC_C_LANGUAGE_STANDARD = gnu17;
				GCC_DYNAMIC_NO_PIC = NO;
				GCC_NO_COMMON_BLOCKS = YES;
				GCC_OPTIMIZATION_LEVEL = 0;
				GCC_PREPROCESSOR_DEFINITIONS = (
					"DEBUG=1",
					"$(inherited)",
				);
				GCC_WARN_64_TO_32_BIT_CONVERSION = YES;
				GCC_WARN_ABOUT_RETURN_TYPE = YES_ERROR;
				GCC_WARN_UNDECLARED_SELECTOR = YES;
				GCC_WARN_UNINITIALIZED_AUTOS = YES_AGGRESSIVE;
				GCC_WARN_UNUSED_FUNCTION = YES;
				GCC_WARN_UNUSED_VARIABLE = YES;
				IPHONEOS_DEPLOYMENT_TARGET = 17.2;
				LOCALIZATION_PREFERS_STRING_CATALOGS = YES;
				MTL_ENABLE_DEBUG_INFO = INCLUDE_SOURCE;
				MTL_FAST_MATH = YES;
				ONLY_ACTIVE_ARCH = YES;
				SDKROOT = iphoneos;
				SWIFT_ACTIVE_COMPILATION_CONDITIONS = "DEBUG $(inherited)";
				SWIFT_OPTIMIZATION_LEVEL = "-Onone";
			};
			name = Debug;
		};
		368F18DB2BF2B92D00B81CD5 /* Release */ = {
			isa = XCBuildConfiguration;
			buildSettings = {
				ALWAYS_SEARCH_USER_PATHS = NO;
				ASSETCATALOG_COMPILER_GENERATE_SWIFT_ASSET_SYMBOL_EXTENSIONS = YES;
				CLANG_ANALYZER_NONNULL = YES;
				CLANG_ANALYZER_NUMBER_OBJECT_CONVERSION = YES_AGGRESSIVE;
				CLANG_CXX_LANGUAGE_STANDARD = "gnu++20";
				CLANG_ENABLE_MODULES = YES;
				CLANG_ENABLE_OBJC_ARC = YES;
				CLANG_ENABLE_OBJC_WEAK = YES;
				CLANG_WARN_BLOCK_CAPTURE_AUTORELEASING = YES;
				CLANG_WARN_BOOL_CONVERSION = YES;
				CLANG_WARN_COMMA = YES;
				CLANG_WARN_CONSTANT_CONVERSION = YES;
				CLANG_WARN_DEPRECATED_OBJC_IMPLEMENTATIONS = YES;
				CLANG_WARN_DIRECT_OBJC_ISA_USAGE = YES_ERROR;
				CLANG_WARN_DOCUMENTATION_COMMENTS = YES;
				CLANG_WARN_EMPTY_BODY = YES;
				CLANG_WARN_ENUM_CONVERSION = YES;
				CLANG_WARN_INFINITE_RECURSION = YES;
				CLANG_WARN_INT_CONVERSION = YES;
				CLANG_WARN_NON_LITERAL_NULL_CONVERSION = YES;
				CLANG_WARN_OBJC_IMPLICIT_RETAIN_SELF = YES;
				CLANG_WARN_OBJC_LITERAL_CONVERSION = YES;
				CLANG_WARN_OBJC_ROOT_CLASS = YES_ERROR;
				CLANG_WARN_QUOTED_INCLUDE_IN_FRAMEWORK_HEADER = YES;
				CLANG_WARN_RANGE_LOOP_ANALYSIS = YES;
				CLANG_WARN_STRICT_PROTOTYPES = YES;
				CLANG_WARN_SUSPICIOUS_MOVE = YES;
				CLANG_WARN_UNGUARDED_AVAILABILITY = YES_AGGRESSIVE;
				CLANG_WARN_UNREACHABLE_CODE = YES;
				CLANG_WARN__DUPLICATE_METHOD_MATCH = YES;
				COPY_PHASE_STRIP = NO;
				DEBUG_INFORMATION_FORMAT = "dwarf-with-dsym";
				ENABLE_NS_ASSERTIONS = NO;
				ENABLE_STRICT_OBJC_MSGSEND = YES;
				ENABLE_USER_SCRIPT_SANDBOXING = YES;
				GCC_C_LANGUAGE_STANDARD = gnu17;
				GCC_NO_COMMON_BLOCKS = YES;
				GCC_WARN_64_TO_32_BIT_CONVERSION = YES;
				GCC_WARN_ABOUT_RETURN_TYPE = YES_ERROR;
				GCC_WARN_UNDECLARED_SELECTOR = YES;
				GCC_WARN_UNINITIALIZED_AUTOS = YES_AGGRESSIVE;
				GCC_WARN_UNUSED_FUNCTION = YES;
				GCC_WARN_UNUSED_VARIABLE = YES;
				IPHONEOS_DEPLOYMENT_TARGET = 17.2;
				LOCALIZATION_PREFERS_STRING_CATALOGS = YES;
				MTL_ENABLE_DEBUG_INFO = NO;
				MTL_FAST_MATH = YES;
				SDKROOT = iphoneos;
				SWIFT_COMPILATION_MODE = wholemodule;
				VALIDATE_PRODUCT = YES;
			};
			name = Release;
		};
		368F18DD2BF2B92D00B81CD5 /* Debug */ = {
			isa = XCBuildConfiguration;
			buildSettings = {
				ASSETCATALOG_COMPILER_APPICON_NAME = AppIcon;
				ASSETCATALOG_COMPILER_GLOBAL_ACCENT_COLOR_NAME = AccentColor;
				CODE_SIGN_STYLE = Automatic;
				CURRENT_PROJECT_VERSION = 1;
				DEVELOPMENT_TEAM = 8D2H27TXKN;
				GENERATE_INFOPLIST_FILE = YES;
				INFOPLIST_FILE = NewsApp/Info.plist;
				INFOPLIST_KEY_UIApplicationSupportsIndirectInputEvents = YES;
				INFOPLIST_KEY_UILaunchStoryboardName = LaunchScreen;
				INFOPLIST_KEY_UIMainStoryboardFile = "";
				INFOPLIST_KEY_UISupportedInterfaceOrientations_iPad = "UIInterfaceOrientationPortrait UIInterfaceOrientationPortraitUpsideDown UIInterfaceOrientationLandscapeLeft UIInterfaceOrientationLandscapeRight";
				INFOPLIST_KEY_UISupportedInterfaceOrientations_iPhone = "UIInterfaceOrientationPortrait UIInterfaceOrientationLandscapeLeft UIInterfaceOrientationLandscapeRight";
				LD_RUNPATH_SEARCH_PATHS = (
					"$(inherited)",
					"@executable_path/Frameworks",
				);
				MARKETING_VERSION = 1.0;
				PRODUCT_BUNDLE_IDENTIFIER = com.newsapp.NewsApp;
				PRODUCT_NAME = "$(TARGET_NAME)";
				SWIFT_EMIT_LOC_STRINGS = YES;
				SWIFT_VERSION = 5.0;
				TARGETED_DEVICE_FAMILY = "1,2";
			};
			name = Debug;
		};
		368F18DE2BF2B92D00B81CD5 /* Release */ = {
			isa = XCBuildConfiguration;
			buildSettings = {
				ASSETCATALOG_COMPILER_APPICON_NAME = AppIcon;
				ASSETCATALOG_COMPILER_GLOBAL_ACCENT_COLOR_NAME = AccentColor;
				CODE_SIGN_STYLE = Automatic;
				CURRENT_PROJECT_VERSION = 1;
				DEVELOPMENT_TEAM = 8D2H27TXKN;
				GENERATE_INFOPLIST_FILE = YES;
				INFOPLIST_FILE = NewsApp/Info.plist;
				INFOPLIST_KEY_UIApplicationSupportsIndirectInputEvents = YES;
				INFOPLIST_KEY_UILaunchStoryboardName = LaunchScreen;
				INFOPLIST_KEY_UIMainStoryboardFile = "";
				INFOPLIST_KEY_UISupportedInterfaceOrientations_iPad = "UIInterfaceOrientationPortrait UIInterfaceOrientationPortraitUpsideDown UIInterfaceOrientationLandscapeLeft UIInterfaceOrientationLandscapeRight";
				INFOPLIST_KEY_UISupportedInterfaceOrientations_iPhone = "UIInterfaceOrientationPortrait UIInterfaceOrientationLandscapeLeft UIInterfaceOrientationLandscapeRight";
				LD_RUNPATH_SEARCH_PATHS = (
					"$(inherited)",
					"@executable_path/Frameworks",
				);
				MARKETING_VERSION = 1.0;
				PRODUCT_BUNDLE_IDENTIFIER = com.newsapp.NewsApp;
				PRODUCT_NAME = "$(TARGET_NAME)";
				SWIFT_EMIT_LOC_STRINGS = YES;
				SWIFT_VERSION = 5.0;
				TARGETED_DEVICE_FAMILY = "1,2";
			};
			name = Release;
		};
		368F18E02BF2B92D00B81CD5 /* Debug */ = {
			isa = XCBuildConfiguration;
			buildSettings = {
				ALWAYS_EMBED_SWIFT_STANDARD_LIBRARIES = YES;
				BUNDLE_LOADER = "$(TEST_HOST)";
				CODE_SIGN_STYLE = Automatic;
				CURRENT_PROJECT_VERSION = 1;
				DEVELOPMENT_TEAM = 8D2H27TXKN;
				GENERATE_INFOPLIST_FILE = YES;
				IPHONEOS_DEPLOYMENT_TARGET = 17.2;
				MARKETING_VERSION = 1.0;
				PRODUCT_BUNDLE_IDENTIFIER = com.newsapp.NewsAppTests;
				PRODUCT_NAME = "$(TARGET_NAME)";
				SWIFT_EMIT_LOC_STRINGS = NO;
				SWIFT_VERSION = 5.0;
				TARGETED_DEVICE_FAMILY = "1,2";
				TEST_HOST = "$(BUILT_PRODUCTS_DIR)/NewsApp.app/$(BUNDLE_EXECUTABLE_FOLDER_PATH)/NewsApp";
			};
			name = Debug;
		};
		368F18E12BF2B92D00B81CD5 /* Release */ = {
			isa = XCBuildConfiguration;
			buildSettings = {
				ALWAYS_EMBED_SWIFT_STANDARD_LIBRARIES = YES;
				BUNDLE_LOADER = "$(TEST_HOST)";
				CODE_SIGN_STYLE = Automatic;
				CURRENT_PROJECT_VERSION = 1;
				DEVELOPMENT_TEAM = 8D2H27TXKN;
				GENERATE_INFOPLIST_FILE = YES;
				IPHONEOS_DEPLOYMENT_TARGET = 17.2;
				MARKETING_VERSION = 1.0;
				PRODUCT_BUNDLE_IDENTIFIER = com.newsapp.NewsAppTests;
				PRODUCT_NAME = "$(TARGET_NAME)";
				SWIFT_EMIT_LOC_STRINGS = NO;
				SWIFT_VERSION = 5.0;
				TARGETED_DEVICE_FAMILY = "1,2";
				TEST_HOST = "$(BUILT_PRODUCTS_DIR)/NewsApp.app/$(BUNDLE_EXECUTABLE_FOLDER_PATH)/NewsApp";
			};
			name = Release;
		};
		368F18E32BF2B92D00B81CD5 /* Debug */ = {
			isa = XCBuildConfiguration;
			buildSettings = {
				ALWAYS_EMBED_SWIFT_STANDARD_LIBRARIES = YES;
				CODE_SIGN_STYLE = Automatic;
				CURRENT_PROJECT_VERSION = 1;
				DEVELOPMENT_TEAM = 8D2H27TXKN;
				GENERATE_INFOPLIST_FILE = YES;
				MARKETING_VERSION = 1.0;
				PRODUCT_BUNDLE_IDENTIFIER = com.newsapp.NewsAppUITests;
				PRODUCT_NAME = "$(TARGET_NAME)";
				SWIFT_EMIT_LOC_STRINGS = NO;
				SWIFT_VERSION = 5.0;
				TARGETED_DEVICE_FAMILY = "1,2";
				TEST_TARGET_NAME = NewsApp;
			};
			name = Debug;
		};
		368F18E42BF2B92D00B81CD5 /* Release */ = {
			isa = XCBuildConfiguration;
			buildSettings = {
				ALWAYS_EMBED_SWIFT_STANDARD_LIBRARIES = YES;
				CODE_SIGN_STYLE = Automatic;
				CURRENT_PROJECT_VERSION = 1;
				DEVELOPMENT_TEAM = 8D2H27TXKN;
				GENERATE_INFOPLIST_FILE = YES;
				MARKETING_VERSION = 1.0;
				PRODUCT_BUNDLE_IDENTIFIER = com.newsapp.NewsAppUITests;
				PRODUCT_NAME = "$(TARGET_NAME)";
				SWIFT_EMIT_LOC_STRINGS = NO;
				SWIFT_VERSION = 5.0;
				TARGETED_DEVICE_FAMILY = "1,2";
				TEST_TARGET_NAME = NewsApp;
			};
			name = Release;
		};
/* End XCBuildConfiguration section */

/* Begin XCConfigurationList section */
		368F18AD2BF2B92C00B81CD5 /* Build configuration list for PBXProject "NewsApp" */ = {
			isa = XCConfigurationList;
			buildConfigurations = (
				368F18DA2BF2B92D00B81CD5 /* Debug */,
				368F18DB2BF2B92D00B81CD5 /* Release */,
			);
			defaultConfigurationIsVisible = 0;
			defaultConfigurationName = Release;
		};
		368F18DC2BF2B92D00B81CD5 /* Build configuration list for PBXNativeTarget "NewsApp" */ = {
			isa = XCConfigurationList;
			buildConfigurations = (
				368F18DD2BF2B92D00B81CD5 /* Debug */,
				368F18DE2BF2B92D00B81CD5 /* Release */,
			);
			defaultConfigurationIsVisible = 0;
			defaultConfigurationName = Release;
		};
		368F18DF2BF2B92D00B81CD5 /* Build configuration list for PBXNativeTarget "NewsAppTests" */ = {
			isa = XCConfigurationList;
			buildConfigurations = (
				368F18E02BF2B92D00B81CD5 /* Debug */,
				368F18E12BF2B92D00B81CD5 /* Release */,
			);
			defaultConfigurationIsVisible = 0;
			defaultConfigurationName = Release;
		};
		368F18E22BF2B92D00B81CD5 /* Build configuration list for PBXNativeTarget "NewsAppUITests" */ = {
			isa = XCConfigurationList;
			buildConfigurations = (
				368F18E32BF2B92D00B81CD5 /* Debug */,
				368F18E42BF2B92D00B81CD5 /* Release */,
			);
			defaultConfigurationIsVisible = 0;
			defaultConfigurationName = Release;
		};
/* End XCConfigurationList section */
	};
	rootObject = 368F18AA2BF2B92C00B81CD5 /* Project object */;
}
